
Microsoft Visual Studio Solution File, Format Version 12.00
# Visual Studio Version 16
VisualStudioVersion = 16.0.30717.126
MinimumVisualStudioVersion = 10.0.40219.1
Project("{2150E333-8FDC-42A3-9474-1A3956D46DE8}") = "Framework", "Framework", "{63E7A9A8-8028-4CC6-9CC2-F1CC904E3CEC}"
EndProject
Project("{2150E333-8FDC-42A3-9474-1A3956D46DE8}") = "WriteModel", "WriteModel", "{369FDFCA-A527-44CC-AC95-9ABAEBB19CCF}"
EndProject
Project("{2150E333-8FDC-42A3-9474-1A3956D46DE8}") = "ReadModel", "ReadModel", "{424AECEA-7A7E-458E-84EF-F8377E52CF80}"
EndProject
Project("{2150E333-8FDC-42A3-9474-1A3956D46DE8}") = "EmployeeContext", "EmployeeContext", "{9890476D-AFFD-4715-AA92-84A5359FF2D0}"
EndProject
Project("{2150E333-8FDC-42A3-9474-1A3956D46DE8}") = "Domain", "Domain", "{5756A269-1A18-489D-ABA4-E6011B8AF823}"
EndProject
Project("{9A19103F-16F7-4668-BE54-9A1E7A4F7556}") = "HR.EmployeeContext.Domain", "WriteModel\EmployeeContext\Domain\HR.EmployeeContext.Domain\HR.EmployeeContext.Domain.csproj", "{548FEA3F-748C-4821-888A-7900B3605BC4}"
EndProject
Project("{2150E333-8FDC-42A3-9474-1A3956D46DE8}") = "ApplicationService", "ApplicationService", "{B32CA44A-4EB6-494E-A65B-596E050037CE}"
EndProject
Project("{2150E333-8FDC-42A3-9474-1A3956D46DE8}") = "Facade", "Facade", "{7827D80A-5DB7-494E-8B10-074D623D4E9F}"
EndProject
Project("{2150E333-8FDC-42A3-9474-1A3956D46DE8}") = "Infrastructure", "Infrastructure", "{21FC8576-EB92-486F-8EE9-04B1753DFB19}"
EndProject
Project("{9A19103F-16F7-4668-BE54-9A1E7A4F7556}") = "HR.EmployeeContext.ApplicationService", "WriteModel\EmployeeContext\ApplicationContext\HR.EmployeeContext.ApplicationService\HR.EmployeeContext.ApplicationService.csproj", "{07AE8E90-FA6B-4C29-A69A-983FFC462A5A}"
EndProject
Project("{9A19103F-16F7-4668-BE54-9A1E7A4F7556}") = "HR.EmployeeContext.ApplicationService.Contracts", "WriteModel\EmployeeContext\ApplicationContext\HR.EmployeeContext.ApplicationService.Contracts\HR.EmployeeContext.ApplicationService.Contracts.csproj", "{10D9952A-6315-4133-A5B3-51AF4F1F399F}"
EndProject
Project("{9A19103F-16F7-4668-BE54-9A1E7A4F7556}") = "HR.EmployeeContext.Domain.Services", "WriteModel\EmployeeContext\Domain\HR.EmployeeContext.Domain.Services\HR.EmployeeContext.Domain.Services.csproj", "{AB61A5AE-711E-4952-9E94-61F7062F5317}"
EndProject
Project("{9A19103F-16F7-4668-BE54-9A1E7A4F7556}") = "HR.EmployeeContext.Facade", "WriteModel\EmployeeContext\Facade\HR.EmployeeContext.Facade\HR.EmployeeContext.Facade.csproj", "{466A77D1-D668-4B40-A096-1306264ADF2B}"
EndProject
Project("{9A19103F-16F7-4668-BE54-9A1E7A4F7556}") = "HR.EmployeeContext.Facade.Contracts", "WriteModel\EmployeeContext\Facade\HR.EmployeeContext.Facade.Contracts\HR.EmployeeContext.Facade.Contracts.csproj", "{9FAA5349-6277-46D2-AAB6-CBD5E5490031}"
EndProject
Project("{9A19103F-16F7-4668-BE54-9A1E7A4F7556}") = "HR.EmployeeContext.Infrastructure.Persistence", "WriteModel\EmployeeContext\Infrastructure\HR.EmployeeContext.Infrastructure.Persistence\HR.EmployeeContext.Infrastructure.Persistence.csproj", "{CD88831F-AEFE-476F-B4D2-E365AEC5E93F}"
EndProject
Project("{2150E333-8FDC-42A3-9474-1A3956D46DE8}") = "ShiftContext", "ShiftContext", "{80513B58-470A-4B6C-A7E7-0092EC5983EB}"
EndProject
Project("{2150E333-8FDC-42A3-9474-1A3956D46DE8}") = "ApplicationService", "ApplicationService", "{A443205C-FC5E-484F-B9D0-DBB9B8D4C63A}"
EndProject
Project("{2150E333-8FDC-42A3-9474-1A3956D46DE8}") = "Domain", "Domain", "{C71918ED-64E6-4DC2-AC30-53C1D1DEF9A1}"
EndProject
Project("{2150E333-8FDC-42A3-9474-1A3956D46DE8}") = "Facade", "Facade", "{47ACC053-6711-426F-8B9E-2FD385B83899}"
EndProject
Project("{9A19103F-16F7-4668-BE54-9A1E7A4F7556}") = "HR.ShiftContext.ApplicationService", "WriteModel\ShiftContext\ApplicationService\HR.ShiftContext.ApplicationService\HR.ShiftContext.ApplicationService.csproj", "{2A15F220-289C-44B4-86B5-EFC9F4247333}"
EndProject
Project("{9A19103F-16F7-4668-BE54-9A1E7A4F7556}") = "HR.ShiftContext.ApplicationService.Contracts", "WriteModel\ShiftContext\ApplicationService\HR.ShiftContext.ApplicationService.Contracts\HR.ShiftContext.ApplicationService.Contracts.csproj", "{2BD22CB5-7084-4508-8BFE-6089044C8D22}"
EndProject
Project("{9A19103F-16F7-4668-BE54-9A1E7A4F7556}") = "HR.ShiftContext.Domain", "WriteModel\ShiftContext\Domian\HR.ShiftContext.Domain\HR.ShiftContext.Domain.csproj", "{7EA3E431-4262-4859-B6ED-6C8FA2D85AB9}"
EndProject
Project("{9A19103F-16F7-4668-BE54-9A1E7A4F7556}") = "HR.ShiftContext.Domain.Services", "WriteModel\ShiftContext\Domian\HR.ShiftContext.Domain.Services\HR.ShiftContext.Domain.Services.csproj", "{A14821F2-0051-483A-B825-07B9DD4E1938}"
EndProject
Project("{9A19103F-16F7-4668-BE54-9A1E7A4F7556}") = "HR.ShiftContext.Facade", "WriteModel\ShiftContext\Facade\HR.ShiftContext.Facade\HR.ShiftContext.Facade.csproj", "{9597DF81-B77B-4B33-8778-725836A33113}"
EndProject
Project("{9A19103F-16F7-4668-BE54-9A1E7A4F7556}") = "HR.ShiftContext.Facade.Contracts", "WriteModel\ShiftContext\Facade\HR.ShiftContext.Facade.Contracts\HR.ShiftContext.Facade.Contracts.csproj", "{541AACC5-F280-4BC5-A340-E1168526385A}"
EndProject
Project("{9A19103F-16F7-4668-BE54-9A1E7A4F7556}") = "HR.Framework.Application", "Framework\HR.Framework.Application\HR.Framework.Application.csproj", "{4199E4F0-94F6-4782-9DCF-B542F882F14D}"
EndProject
Project("{9A19103F-16F7-4668-BE54-9A1E7A4F7556}") = "HR.Framework.Domain", "Framework\HR.Framework.Domain\HR.Framework.Domain.csproj", "{73699977-88BB-4BFC-BAE7-D078585A0FE0}"
EndProject
Project("{9A19103F-16F7-4668-BE54-9A1E7A4F7556}") = "HR.ShiftContext.Infrastructure.Persistence", "WriteModel\ShiftContext\Infrastructure\HR.ShiftContext.Infrastructure.Persistence\HR.ShiftContext.Infrastructure.Persistence.csproj", "{707FD739-8525-4E76-994B-CFACE50D4AFD}"
EndProject
Project("{2150E333-8FDC-42A3-9474-1A3956D46DE8}") = "Infrastructure", "Infrastructure", "{764E45CC-0349-47E9-BAEE-D7C9C1699D14}"
EndProject
Project("{9A19103F-16F7-4668-BE54-9A1E7A4F7556}") = "HR.Framework.Persistence", "Framework\HR.Framework.Persistence\HR.Framework.Persistence.csproj", "{2850F470-A13B-4792-9267-635E94E9C9BB}"
EndProject
Project("{9A19103F-16F7-4668-BE54-9A1E7A4F7556}") = "HR.Framework.Facade", "Framework\HR.Framework.Facade\HR.Framework.Facade.csproj", "{ACEE8490-CC9A-4EDF-AB4B-7B486B5332F8}"
EndProject
Project("{9A19103F-16F7-4668-BE54-9A1E7A4F7556}") = "HR.Framework.DependencyInjection", "Framework\HR.Framework.DependencyInjection\HR.Framework.DependencyInjection.csproj", "{BE84D282-574B-4B53-A05C-A42E2F6AD37E}"
EndProject
Project("{9A19103F-16F7-4668-BE54-9A1E7A4F7556}") = "HR.Framework.AssemblyHelper", "Framework\HR.Framework.AssemblyHelper\HR.Framework.AssemblyHelper.csproj", "{837EF0E5-17DB-404F-BACA-3F49818D1490}"
EndProject
Project("{9A19103F-16F7-4668-BE54-9A1E7A4F7556}") = "HR.ShiftContext.Resources", "WriteModel\ShiftContext\HR.ShiftContext.Resources\HR.ShiftContext.Resources.csproj", "{41A52745-830E-4B6A-BD54-DA0296DB00DA}"
EndProject
Project("{2150E333-8FDC-42A3-9474-1A3956D46DE8}") = "Resource", "Resource", "{B4764404-DC60-4D2F-B55C-A8F3991E36DE}"
EndProject
Project("{9A19103F-16F7-4668-BE54-9A1E7A4F7556}") = "HR.EmployeeContext.Resource", "WriteModel\EmployeeContext\Resource\HR.EmployeeContext.Resource\HR.EmployeeContext.Resource.csproj", "{E3BEAF22-2767-4981-9C5D-32ED9E8FD1CE}"
EndProject
Project("{9A19103F-16F7-4668-BE54-9A1E7A4F7556}") = "HR.Persistence", "WriteModel\HR.Persistence\HR.Persistence.csproj", "{38869EB9-3E79-4995-BC57-F4C787A2429E}"
EndProject
Project("{9A19103F-16F7-4668-BE54-9A1E7A4F7556}") = "HR.Framework.Core", "Framework\HR.Framework.Core\HR.Framework.Core.csproj", "{D4634DE8-474F-463D-9611-12FC2E24E355}"
EndProject
Project("{9A19103F-16F7-4668-BE54-9A1E7A4F7556}") = "HR.ShiftContext.Configuration", "WriteModel\ShiftContext\HR.ShiftContext.Configuration\HR.ShiftContext.Configuration\HR.ShiftContext.Configuration.csproj", "{44AD3157-656C-4841-A92F-191B44A0E19F}"
EndProject
Project("{9A19103F-16F7-4668-BE54-9A1E7A4F7556}") = "API", "API\API.csproj", "{39D3B146-00E9-4389-9508-0474EA50F847}"
EndProject
Project("{9A19103F-16F7-4668-BE54-9A1E7A4F7556}") = "HR.EmployeeContext.Configuration", "WriteModel\EmployeeContext\HR.EmployeeContext.Configuration\HR.EmployeeContext.Configuration.csproj", "{3A2D1E9F-E1D0-4868-9BC7-5695705F9878}"
EndProject
Project("{9A19103F-16F7-4668-BE54-9A1E7A4F7556}") = "HR.EmployeeContext.Domain.Contracts", "WriteModel\EmployeeContext\Domain\HR.EmployeeContext.Contracts\HR.EmployeeContext.Domain.Contracts.csproj", "{1F16F684-C95D-4FC9-A7BF-0D5223A342A3}"
EndProject
Project("{9A19103F-16F7-4668-BE54-9A1E7A4F7556}") = "HR.ReadModel.Context", "ReadModel\HR.ReadModel.Context\HR.ReadModel.Context.csproj", "{1AAB2A33-B199-42F8-9778-DBC34124E3C9}"
EndProject
Project("{9A19103F-16F7-4668-BE54-9A1E7A4F7556}") = "HR.ReadModel.Queries.Contracts", "ReadModel\HR.ReadModel.Queries.Contracts\HR.ReadModel.Queries.Contracts.csproj", "{ACC0168C-72CD-4F71-8BE7-BBDB460CEED1}"
EndProject
Project("{9A19103F-16F7-4668-BE54-9A1E7A4F7556}") = "HR.ReadModel.Queries.Facade", "ReadModel\HR.ReadModel.Queries.Facade\HR.ReadModel.Queries.Facade.csproj", "{9F6B8A62-85AC-488C-914D-DCAABF8685B0}"
EndProject
Project("{9A19103F-16F7-4668-BE54-9A1E7A4F7556}") = "Web", "Web\Web.csproj", "{B92CCA85-C800-4B56-BC69-F9C4641DA4B5}"
EndProject
Global
	GlobalSection(SolutionConfigurationPlatforms) = preSolution
		Debug|Any CPU = Debug|Any CPU
		Release|Any CPU = Release|Any CPU
	EndGlobalSection
	GlobalSection(ProjectConfigurationPlatforms) = postSolution
		{548FEA3F-748C-4821-888A-7900B3605BC4}.Debug|Any CPU.ActiveCfg = Debug|Any CPU
		{548FEA3F-748C-4821-888A-7900B3605BC4}.Debug|Any CPU.Build.0 = Debug|Any CPU
		{548FEA3F-748C-4821-888A-7900B3605BC4}.Release|Any CPU.ActiveCfg = Release|Any CPU
		{548FEA3F-748C-4821-888A-7900B3605BC4}.Release|Any CPU.Build.0 = Release|Any CPU
		{07AE8E90-FA6B-4C29-A69A-983FFC462A5A}.Debug|Any CPU.ActiveCfg = Debug|Any CPU
		{07AE8E90-FA6B-4C29-A69A-983FFC462A5A}.Debug|Any CPU.Build.0 = Debug|Any CPU
		{07AE8E90-FA6B-4C29-A69A-983FFC462A5A}.Release|Any CPU.ActiveCfg = Release|Any CPU
		{07AE8E90-FA6B-4C29-A69A-983FFC462A5A}.Release|Any CPU.Build.0 = Release|Any CPU
		{10D9952A-6315-4133-A5B3-51AF4F1F399F}.Debug|Any CPU.ActiveCfg = Debug|Any CPU
		{10D9952A-6315-4133-A5B3-51AF4F1F399F}.Debug|Any CPU.Build.0 = Debug|Any CPU
		{10D9952A-6315-4133-A5B3-51AF4F1F399F}.Release|Any CPU.ActiveCfg = Release|Any CPU
		{10D9952A-6315-4133-A5B3-51AF4F1F399F}.Release|Any CPU.Build.0 = Release|Any CPU
		{AB61A5AE-711E-4952-9E94-61F7062F5317}.Debug|Any CPU.ActiveCfg = Debug|Any CPU
		{AB61A5AE-711E-4952-9E94-61F7062F5317}.Debug|Any CPU.Build.0 = Debug|Any CPU
		{AB61A5AE-711E-4952-9E94-61F7062F5317}.Release|Any CPU.ActiveCfg = Release|Any CPU
		{AB61A5AE-711E-4952-9E94-61F7062F5317}.Release|Any CPU.Build.0 = Release|Any CPU
		{466A77D1-D668-4B40-A096-1306264ADF2B}.Debug|Any CPU.ActiveCfg = Debug|Any CPU
		{466A77D1-D668-4B40-A096-1306264ADF2B}.Debug|Any CPU.Build.0 = Debug|Any CPU
		{466A77D1-D668-4B40-A096-1306264ADF2B}.Release|Any CPU.ActiveCfg = Release|Any CPU
		{466A77D1-D668-4B40-A096-1306264ADF2B}.Release|Any CPU.Build.0 = Release|Any CPU
		{9FAA5349-6277-46D2-AAB6-CBD5E5490031}.Debug|Any CPU.ActiveCfg = Debug|Any CPU
		{9FAA5349-6277-46D2-AAB6-CBD5E5490031}.Debug|Any CPU.Build.0 = Debug|Any CPU
		{9FAA5349-6277-46D2-AAB6-CBD5E5490031}.Release|Any CPU.ActiveCfg = Release|Any CPU
		{9FAA5349-6277-46D2-AAB6-CBD5E5490031}.Release|Any CPU.Build.0 = Release|Any CPU
		{CD88831F-AEFE-476F-B4D2-E365AEC5E93F}.Debug|Any CPU.ActiveCfg = Debug|Any CPU
		{CD88831F-AEFE-476F-B4D2-E365AEC5E93F}.Debug|Any CPU.Build.0 = Debug|Any CPU
		{CD88831F-AEFE-476F-B4D2-E365AEC5E93F}.Release|Any CPU.ActiveCfg = Release|Any CPU
		{CD88831F-AEFE-476F-B4D2-E365AEC5E93F}.Release|Any CPU.Build.0 = Release|Any CPU
		{2A15F220-289C-44B4-86B5-EFC9F4247333}.Debug|Any CPU.ActiveCfg = Debug|Any CPU
		{2A15F220-289C-44B4-86B5-EFC9F4247333}.Debug|Any CPU.Build.0 = Debug|Any CPU
		{2A15F220-289C-44B4-86B5-EFC9F4247333}.Release|Any CPU.ActiveCfg = Release|Any CPU
		{2A15F220-289C-44B4-86B5-EFC9F4247333}.Release|Any CPU.Build.0 = Release|Any CPU
		{2BD22CB5-7084-4508-8BFE-6089044C8D22}.Debug|Any CPU.ActiveCfg = Debug|Any CPU
		{2BD22CB5-7084-4508-8BFE-6089044C8D22}.Debug|Any CPU.Build.0 = Debug|Any CPU
		{2BD22CB5-7084-4508-8BFE-6089044C8D22}.Release|Any CPU.ActiveCfg = Release|Any CPU
		{2BD22CB5-7084-4508-8BFE-6089044C8D22}.Release|Any CPU.Build.0 = Release|Any CPU
		{7EA3E431-4262-4859-B6ED-6C8FA2D85AB9}.Debug|Any CPU.ActiveCfg = Debug|Any CPU
		{7EA3E431-4262-4859-B6ED-6C8FA2D85AB9}.Debug|Any CPU.Build.0 = Debug|Any CPU
		{7EA3E431-4262-4859-B6ED-6C8FA2D85AB9}.Release|Any CPU.ActiveCfg = Release|Any CPU
		{7EA3E431-4262-4859-B6ED-6C8FA2D85AB9}.Release|Any CPU.Build.0 = Release|Any CPU
		{A14821F2-0051-483A-B825-07B9DD4E1938}.Debug|Any CPU.ActiveCfg = Debug|Any CPU
		{A14821F2-0051-483A-B825-07B9DD4E1938}.Debug|Any CPU.Build.0 = Debug|Any CPU
		{A14821F2-0051-483A-B825-07B9DD4E1938}.Release|Any CPU.ActiveCfg = Release|Any CPU
		{A14821F2-0051-483A-B825-07B9DD4E1938}.Release|Any CPU.Build.0 = Release|Any CPU
		{9597DF81-B77B-4B33-8778-725836A33113}.Debug|Any CPU.ActiveCfg = Debug|Any CPU
		{9597DF81-B77B-4B33-8778-725836A33113}.Debug|Any CPU.Build.0 = Debug|Any CPU
		{9597DF81-B77B-4B33-8778-725836A33113}.Release|Any CPU.ActiveCfg = Release|Any CPU
		{9597DF81-B77B-4B33-8778-725836A33113}.Release|Any CPU.Build.0 = Release|Any CPU
		{541AACC5-F280-4BC5-A340-E1168526385A}.Debug|Any CPU.ActiveCfg = Debug|Any CPU
		{541AACC5-F280-4BC5-A340-E1168526385A}.Debug|Any CPU.Build.0 = Debug|Any CPU
		{541AACC5-F280-4BC5-A340-E1168526385A}.Release|Any CPU.ActiveCfg = Release|Any CPU
		{541AACC5-F280-4BC5-A340-E1168526385A}.Release|Any CPU.Build.0 = Release|Any CPU
		{4199E4F0-94F6-4782-9DCF-B542F882F14D}.Debug|Any CPU.ActiveCfg = Debug|Any CPU
		{4199E4F0-94F6-4782-9DCF-B542F882F14D}.Debug|Any CPU.Build.0 = Debug|Any CPU
		{4199E4F0-94F6-4782-9DCF-B542F882F14D}.Release|Any CPU.ActiveCfg = Release|Any CPU
		{4199E4F0-94F6-4782-9DCF-B542F882F14D}.Release|Any CPU.Build.0 = Release|Any CPU
		{73699977-88BB-4BFC-BAE7-D078585A0FE0}.Debug|Any CPU.ActiveCfg = Debug|Any CPU
		{73699977-88BB-4BFC-BAE7-D078585A0FE0}.Debug|Any CPU.Build.0 = Debug|Any CPU
		{73699977-88BB-4BFC-BAE7-D078585A0FE0}.Release|Any CPU.ActiveCfg = Release|Any CPU
		{73699977-88BB-4BFC-BAE7-D078585A0FE0}.Release|Any CPU.Build.0 = Release|Any CPU
		{707FD739-8525-4E76-994B-CFACE50D4AFD}.Debug|Any CPU.ActiveCfg = Debug|Any CPU
		{707FD739-8525-4E76-994B-CFACE50D4AFD}.Debug|Any CPU.Build.0 = Debug|Any CPU
		{707FD739-8525-4E76-994B-CFACE50D4AFD}.Release|Any CPU.ActiveCfg = Release|Any CPU
		{707FD739-8525-4E76-994B-CFACE50D4AFD}.Release|Any CPU.Build.0 = Release|Any CPU
		{2850F470-A13B-4792-9267-635E94E9C9BB}.Debug|Any CPU.ActiveCfg = Debug|Any CPU
		{2850F470-A13B-4792-9267-635E94E9C9BB}.Debug|Any CPU.Build.0 = Debug|Any CPU
		{2850F470-A13B-4792-9267-635E94E9C9BB}.Release|Any CPU.ActiveCfg = Release|Any CPU
		{2850F470-A13B-4792-9267-635E94E9C9BB}.Release|Any CPU.Build.0 = Release|Any CPU
		{ACEE8490-CC9A-4EDF-AB4B-7B486B5332F8}.Debug|Any CPU.ActiveCfg = Debug|Any CPU
		{ACEE8490-CC9A-4EDF-AB4B-7B486B5332F8}.Debug|Any CPU.Build.0 = Debug|Any CPU
		{ACEE8490-CC9A-4EDF-AB4B-7B486B5332F8}.Release|Any CPU.ActiveCfg = Release|Any CPU
		{ACEE8490-CC9A-4EDF-AB4B-7B486B5332F8}.Release|Any CPU.Build.0 = Release|Any CPU
		{BE84D282-574B-4B53-A05C-A42E2F6AD37E}.Debug|Any CPU.ActiveCfg = Debug|Any CPU
		{BE84D282-574B-4B53-A05C-A42E2F6AD37E}.Debug|Any CPU.Build.0 = Debug|Any CPU
		{BE84D282-574B-4B53-A05C-A42E2F6AD37E}.Release|Any CPU.ActiveCfg = Release|Any CPU
		{BE84D282-574B-4B53-A05C-A42E2F6AD37E}.Release|Any CPU.Build.0 = Release|Any CPU
		{837EF0E5-17DB-404F-BACA-3F49818D1490}.Debug|Any CPU.ActiveCfg = Debug|Any CPU
		{837EF0E5-17DB-404F-BACA-3F49818D1490}.Debug|Any CPU.Build.0 = Debug|Any CPU
		{837EF0E5-17DB-404F-BACA-3F49818D1490}.Release|Any CPU.ActiveCfg = Release|Any CPU
		{837EF0E5-17DB-404F-BACA-3F49818D1490}.Release|Any CPU.Build.0 = Release|Any CPU
		{41A52745-830E-4B6A-BD54-DA0296DB00DA}.Debug|Any CPU.ActiveCfg = Debug|Any CPU
		{41A52745-830E-4B6A-BD54-DA0296DB00DA}.Debug|Any CPU.Build.0 = Debug|Any CPU
		{41A52745-830E-4B6A-BD54-DA0296DB00DA}.Release|Any CPU.ActiveCfg = Release|Any CPU
		{41A52745-830E-4B6A-BD54-DA0296DB00DA}.Release|Any CPU.Build.0 = Release|Any CPU
		{E3BEAF22-2767-4981-9C5D-32ED9E8FD1CE}.Debug|Any CPU.ActiveCfg = Debug|Any CPU
		{E3BEAF22-2767-4981-9C5D-32ED9E8FD1CE}.Debug|Any CPU.Build.0 = Debug|Any CPU
		{E3BEAF22-2767-4981-9C5D-32ED9E8FD1CE}.Release|Any CPU.ActiveCfg = Release|Any CPU
		{E3BEAF22-2767-4981-9C5D-32ED9E8FD1CE}.Release|Any CPU.Build.0 = Release|Any CPU
		{38869EB9-3E79-4995-BC57-F4C787A2429E}.Debug|Any CPU.ActiveCfg = Debug|Any CPU
		{38869EB9-3E79-4995-BC57-F4C787A2429E}.Debug|Any CPU.Build.0 = Debug|Any CPU
		{38869EB9-3E79-4995-BC57-F4C787A2429E}.Release|Any CPU.ActiveCfg = Release|Any CPU
		{38869EB9-3E79-4995-BC57-F4C787A2429E}.Release|Any CPU.Build.0 = Release|Any CPU
		{D4634DE8-474F-463D-9611-12FC2E24E355}.Debug|Any CPU.ActiveCfg = Debug|Any CPU
		{D4634DE8-474F-463D-9611-12FC2E24E355}.Debug|Any CPU.Build.0 = Debug|Any CPU
		{D4634DE8-474F-463D-9611-12FC2E24E355}.Release|Any CPU.ActiveCfg = Release|Any CPU
		{D4634DE8-474F-463D-9611-12FC2E24E355}.Release|Any CPU.Build.0 = Release|Any CPU
		{44AD3157-656C-4841-A92F-191B44A0E19F}.Debug|Any CPU.ActiveCfg = Debug|Any CPU
		{44AD3157-656C-4841-A92F-191B44A0E19F}.Debug|Any CPU.Build.0 = Debug|Any CPU
		{44AD3157-656C-4841-A92F-191B44A0E19F}.Release|Any CPU.ActiveCfg = Release|Any CPU
		{44AD3157-656C-4841-A92F-191B44A0E19F}.Release|Any CPU.Build.0 = Release|Any CPU
		{39D3B146-00E9-4389-9508-0474EA50F847}.Debug|Any CPU.ActiveCfg = Debug|Any CPU
		{39D3B146-00E9-4389-9508-0474EA50F847}.Debug|Any CPU.Build.0 = Debug|Any CPU
		{39D3B146-00E9-4389-9508-0474EA50F847}.Release|Any CPU.ActiveCfg = Release|Any CPU
		{39D3B146-00E9-4389-9508-0474EA50F847}.Release|Any CPU.Build.0 = Release|Any CPU
		{3A2D1E9F-E1D0-4868-9BC7-5695705F9878}.Debug|Any CPU.ActiveCfg = Debug|Any CPU
		{3A2D1E9F-E1D0-4868-9BC7-5695705F9878}.Debug|Any CPU.Build.0 = Debug|Any CPU
		{3A2D1E9F-E1D0-4868-9BC7-5695705F9878}.Release|Any CPU.ActiveCfg = Release|Any CPU
		{3A2D1E9F-E1D0-4868-9BC7-5695705F9878}.Release|Any CPU.Build.0 = Release|Any CPU
		{1F16F684-C95D-4FC9-A7BF-0D5223A342A3}.Debug|Any CPU.ActiveCfg = Debug|Any CPU
		{1F16F684-C95D-4FC9-A7BF-0D5223A342A3}.Debug|Any CPU.Build.0 = Debug|Any CPU
		{1F16F684-C95D-4FC9-A7BF-0D5223A342A3}.Release|Any CPU.ActiveCfg = Release|Any CPU
		{1F16F684-C95D-4FC9-A7BF-0D5223A342A3}.Release|Any CPU.Build.0 = Release|Any CPU
		{1AAB2A33-B199-42F8-9778-DBC34124E3C9}.Debug|Any CPU.ActiveCfg = Debug|Any CPU
		{1AAB2A33-B199-42F8-9778-DBC34124E3C9}.Debug|Any CPU.Build.0 = Debug|Any CPU
		{1AAB2A33-B199-42F8-9778-DBC34124E3C9}.Release|Any CPU.ActiveCfg = Release|Any CPU
		{1AAB2A33-B199-42F8-9778-DBC34124E3C9}.Release|Any CPU.Build.0 = Release|Any CPU
		{ACC0168C-72CD-4F71-8BE7-BBDB460CEED1}.Debug|Any CPU.ActiveCfg = Debug|Any CPU
		{ACC0168C-72CD-4F71-8BE7-BBDB460CEED1}.Debug|Any CPU.Build.0 = Debug|Any CPU
		{ACC0168C-72CD-4F71-8BE7-BBDB460CEED1}.Release|Any CPU.ActiveCfg = Release|Any CPU
		{ACC0168C-72CD-4F71-8BE7-BBDB460CEED1}.Release|Any CPU.Build.0 = Release|Any CPU
		{9F6B8A62-85AC-488C-914D-DCAABF8685B0}.Debug|Any CPU.ActiveCfg = Debug|Any CPU
		{9F6B8A62-85AC-488C-914D-DCAABF8685B0}.Debug|Any CPU.Build.0 = Debug|Any CPU
		{9F6B8A62-85AC-488C-914D-DCAABF8685B0}.Release|Any CPU.ActiveCfg = Release|Any CPU
		{9F6B8A62-85AC-488C-914D-DCAABF8685B0}.Release|Any CPU.Build.0 = Release|Any CPU
		{B92CCA85-C800-4B56-BC69-F9C4641DA4B5}.Debug|Any CPU.ActiveCfg = Debug|Any CPU
		{B92CCA85-C800-4B56-BC69-F9C4641DA4B5}.Debug|Any CPU.Build.0 = Debug|Any CPU
		{B92CCA85-C800-4B56-BC69-F9C4641DA4B5}.Release|Any CPU.ActiveCfg = Release|Any CPU
		{B92CCA85-C800-4B56-BC69-F9C4641DA4B5}.Release|Any CPU.Build.0 = Release|Any CPU
	EndGlobalSection
	GlobalSection(SolutionProperties) = preSolution
		HideSolutionNode = FALSE
	EndGlobalSection
	GlobalSection(NestedProjects) = preSolution
		{9890476D-AFFD-4715-AA92-84A5359FF2D0} = {369FDFCA-A527-44CC-AC95-9ABAEBB19CCF}
		{5756A269-1A18-489D-ABA4-E6011B8AF823} = {9890476D-AFFD-4715-AA92-84A5359FF2D0}
		{548FEA3F-748C-4821-888A-7900B3605BC4} = {5756A269-1A18-489D-ABA4-E6011B8AF823}
		{B32CA44A-4EB6-494E-A65B-596E050037CE} = {9890476D-AFFD-4715-AA92-84A5359FF2D0}
		{7827D80A-5DB7-494E-8B10-074D623D4E9F} = {9890476D-AFFD-4715-AA92-84A5359FF2D0}
		{21FC8576-EB92-486F-8EE9-04B1753DFB19} = {9890476D-AFFD-4715-AA92-84A5359FF2D0}
		{07AE8E90-FA6B-4C29-A69A-983FFC462A5A} = {B32CA44A-4EB6-494E-A65B-596E050037CE}
		{10D9952A-6315-4133-A5B3-51AF4F1F399F} = {B32CA44A-4EB6-494E-A65B-596E050037CE}
		{AB61A5AE-711E-4952-9E94-61F7062F5317} = {5756A269-1A18-489D-ABA4-E6011B8AF823}
		{466A77D1-D668-4B40-A096-1306264ADF2B} = {7827D80A-5DB7-494E-8B10-074D623D4E9F}
		{9FAA5349-6277-46D2-AAB6-CBD5E5490031} = {7827D80A-5DB7-494E-8B10-074D623D4E9F}
		{CD88831F-AEFE-476F-B4D2-E365AEC5E93F} = {21FC8576-EB92-486F-8EE9-04B1753DFB19}
		{80513B58-470A-4B6C-A7E7-0092EC5983EB} = {369FDFCA-A527-44CC-AC95-9ABAEBB19CCF}
		{A443205C-FC5E-484F-B9D0-DBB9B8D4C63A} = {80513B58-470A-4B6C-A7E7-0092EC5983EB}
		{C71918ED-64E6-4DC2-AC30-53C1D1DEF9A1} = {80513B58-470A-4B6C-A7E7-0092EC5983EB}
		{47ACC053-6711-426F-8B9E-2FD385B83899} = {80513B58-470A-4B6C-A7E7-0092EC5983EB}
		{2A15F220-289C-44B4-86B5-EFC9F4247333} = {A443205C-FC5E-484F-B9D0-DBB9B8D4C63A}
		{2BD22CB5-7084-4508-8BFE-6089044C8D22} = {A443205C-FC5E-484F-B9D0-DBB9B8D4C63A}
		{7EA3E431-4262-4859-B6ED-6C8FA2D85AB9} = {C71918ED-64E6-4DC2-AC30-53C1D1DEF9A1}
		{A14821F2-0051-483A-B825-07B9DD4E1938} = {C71918ED-64E6-4DC2-AC30-53C1D1DEF9A1}
		{9597DF81-B77B-4B33-8778-725836A33113} = {47ACC053-6711-426F-8B9E-2FD385B83899}
		{541AACC5-F280-4BC5-A340-E1168526385A} = {47ACC053-6711-426F-8B9E-2FD385B83899}
		{4199E4F0-94F6-4782-9DCF-B542F882F14D} = {63E7A9A8-8028-4CC6-9CC2-F1CC904E3CEC}
		{73699977-88BB-4BFC-BAE7-D078585A0FE0} = {63E7A9A8-8028-4CC6-9CC2-F1CC904E3CEC}
		{707FD739-8525-4E76-994B-CFACE50D4AFD} = {764E45CC-0349-47E9-BAEE-D7C9C1699D14}
		{764E45CC-0349-47E9-BAEE-D7C9C1699D14} = {80513B58-470A-4B6C-A7E7-0092EC5983EB}
		{2850F470-A13B-4792-9267-635E94E9C9BB} = {63E7A9A8-8028-4CC6-9CC2-F1CC904E3CEC}
		{ACEE8490-CC9A-4EDF-AB4B-7B486B5332F8} = {63E7A9A8-8028-4CC6-9CC2-F1CC904E3CEC}
		{BE84D282-574B-4B53-A05C-A42E2F6AD37E} = {63E7A9A8-8028-4CC6-9CC2-F1CC904E3CEC}
		{837EF0E5-17DB-404F-BACA-3F49818D1490} = {63E7A9A8-8028-4CC6-9CC2-F1CC904E3CEC}
		{41A52745-830E-4B6A-BD54-DA0296DB00DA} = {80513B58-470A-4B6C-A7E7-0092EC5983EB}
		{B4764404-DC60-4D2F-B55C-A8F3991E36DE} = {9890476D-AFFD-4715-AA92-84A5359FF2D0}
		{E3BEAF22-2767-4981-9C5D-32ED9E8FD1CE} = {B4764404-DC60-4D2F-B55C-A8F3991E36DE}
		{38869EB9-3E79-4995-BC57-F4C787A2429E} = {369FDFCA-A527-44CC-AC95-9ABAEBB19CCF}
		{D4634DE8-474F-463D-9611-12FC2E24E355} = {63E7A9A8-8028-4CC6-9CC2-F1CC904E3CEC}
		{44AD3157-656C-4841-A92F-191B44A0E19F} = {80513B58-470A-4B6C-A7E7-0092EC5983EB}
		{3A2D1E9F-E1D0-4868-9BC7-5695705F9878} = {9890476D-AFFD-4715-AA92-84A5359FF2D0}
		{1F16F684-C95D-4FC9-A7BF-0D5223A342A3} = {5756A269-1A18-489D-ABA4-E6011B8AF823}
		{1AAB2A33-B199-42F8-9778-DBC34124E3C9} = {424AECEA-7A7E-458E-84EF-F8377E52CF80}
		{ACC0168C-72CD-4F71-8BE7-BBDB460CEED1} = {424AECEA-7A7E-458E-84EF-F8377E52CF80}
		{9F6B8A62-85AC-488C-914D-DCAABF8685B0} = {424AECEA-7A7E-458E-84EF-F8377E52CF80}
	EndGlobalSection
	GlobalSection(ExtensibilityGlobals) = postSolution
		SolutionGuid = {6F9F52E4-CBEE-4EFC-A6A8-430F12F91F53}
	EndGlobalSection
EndGlobal
